
Microsoft Visual Studio Solution File, Format Version 12.00
# Visual Studio Version 16
VisualStudioVersion = 25.0.1706.5
MinimumVisualStudioVersion = 10.0.40219.1
Project("{FAE04EC0-301F-11D3-BF4B-00C04F79EFBC}") = "Collections", "Collections\Collections.csproj", "{7BB1A61D-33D4-4E7B-B7D7-8B12255C91FE}"
EndProject
Global
	GlobalSection(SolutionConfigurationPlatforms) = preSolution
		Debug|Any CPU = Debug|Any CPU
		Release|Any CPU = Release|Any CPU
	EndGlobalSection
	GlobalSection(ProjectConfigurationPlatforms) = postSolution
		{7BB1A61D-33D4-4E7B-B7D7-8B12255C91FE}.Debug|Any CPU.ActiveCfg = Debug|Any CPU
		{7BB1A61D-33D4-4E7B-B7D7-8B12255C91FE}.Debug|Any CPU.Build.0 = Debug|Any CPU
		{7BB1A61D-33D4-4E7B-B7D7-8B12255C91FE}.Release|Any CPU.ActiveCfg = Release|Any CPU
		{7BB1A61D-33D4-4E7B-B7D7-8B12255C91FE}.Release|Any CPU.Build.0 = Release|Any CPU
	EndGlobalSection
	GlobalSection(SolutionProperties) = preSolution
		HideSolutionNode = FALSE
	EndGlobalSection
	GlobalSection(ExtensibilityGlobals) = postSolution
		SolutionGuid = {4B2480E3-1F94-450C-8063-AA7064DFD0ED}
	EndGlobalSection
EndGlobal
